
Microsoft Visual Studio Solution File, Format Version 12.00
# Visual Studio Version 16
VisualStudioVersion = 16.0.29728.190
MinimumVisualStudioVersion = 10.0.40219.1
Project("{FAE04EC0-301F-11D3-BF4B-00C04F79EFBC}") = "Presentacion", "Aplicacion\Presentacion.csproj", "{A1DB7514-7816-40A9-845C-5D1FDC8EED28}"
EndProject
Project("{FAE04EC0-301F-11D3-BF4B-00C04F79EFBC}") = "Dominio", "Dominio\Dominio.csproj", "{81BEADF2-34B8-4726-AFF8-9193446748E0}"
EndProject
Project("{FAE04EC0-301F-11D3-BF4B-00C04F79EFBC}") = "Negocio", "Negocio\Negocio.csproj", "{86EDE87F-09EE-4C17-929E-CACCA6D39BAF}"
EndProject
Project("{FAE04EC0-301F-11D3-BF4B-00C04F79EFBC}") = "Persistencia", "Persistencia\Persistencia.csproj", "{FDAA1E17-0013-4F1E-9A6A-1834B9D5C0CD}"
EndProject
Project("{FAE04EC0-301F-11D3-BF4B-00C04F79EFBC}") = "Implementacion", "Implementacion\Implementacion.csproj", "{F7A25523-204E-4E14-8DD7-2A877D336093}"
EndProject
Global
	GlobalSection(SolutionConfigurationPlatforms) = preSolution
		Debug|Any CPU = Debug|Any CPU
		Release|Any CPU = Release|Any CPU
	EndGlobalSection
	GlobalSection(ProjectConfigurationPlatforms) = postSolution
		{A1DB7514-7816-40A9-845C-5D1FDC8EED28}.Debug|Any CPU.ActiveCfg = Debug|Any CPU
		{A1DB7514-7816-40A9-845C-5D1FDC8EED28}.Debug|Any CPU.Build.0 = Debug|Any CPU
		{A1DB7514-7816-40A9-845C-5D1FDC8EED28}.Release|Any CPU.ActiveCfg = Release|Any CPU
		{A1DB7514-7816-40A9-845C-5D1FDC8EED28}.Release|Any CPU.Build.0 = Release|Any CPU
		{81BEADF2-34B8-4726-AFF8-9193446748E0}.Debug|Any CPU.ActiveCfg = Debug|Any CPU
		{81BEADF2-34B8-4726-AFF8-9193446748E0}.Debug|Any CPU.Build.0 = Debug|Any CPU
		{81BEADF2-34B8-4726-AFF8-9193446748E0}.Release|Any CPU.ActiveCfg = Release|Any CPU
		{81BEADF2-34B8-4726-AFF8-9193446748E0}.Release|Any CPU.Build.0 = Release|Any CPU
		{86EDE87F-09EE-4C17-929E-CACCA6D39BAF}.Debug|Any CPU.ActiveCfg = Debug|Any CPU
		{86EDE87F-09EE-4C17-929E-CACCA6D39BAF}.Debug|Any CPU.Build.0 = Debug|Any CPU
		{86EDE87F-09EE-4C17-929E-CACCA6D39BAF}.Release|Any CPU.ActiveCfg = Release|Any CPU
		{86EDE87F-09EE-4C17-929E-CACCA6D39BAF}.Release|Any CPU.Build.0 = Release|Any CPU
		{FDAA1E17-0013-4F1E-9A6A-1834B9D5C0CD}.Debug|Any CPU.ActiveCfg = Debug|Any CPU
		{FDAA1E17-0013-4F1E-9A6A-1834B9D5C0CD}.Debug|Any CPU.Build.0 = Debug|Any CPU
		{FDAA1E17-0013-4F1E-9A6A-1834B9D5C0CD}.Release|Any CPU.ActiveCfg = Release|Any CPU
		{FDAA1E17-0013-4F1E-9A6A-1834B9D5C0CD}.Release|Any CPU.Build.0 = Release|Any CPU
		{F7A25523-204E-4E14-8DD7-2A877D336093}.Debug|Any CPU.ActiveCfg = Debug|Any CPU
		{F7A25523-204E-4E14-8DD7-2A877D336093}.Debug|Any CPU.Build.0 = Debug|Any CPU
		{F7A25523-204E-4E14-8DD7-2A877D336093}.Release|Any CPU.ActiveCfg = Release|Any CPU
		{F7A25523-204E-4E14-8DD7-2A877D336093}.Release|Any CPU.Build.0 = Release|Any CPU
	EndGlobalSection
	GlobalSection(SolutionProperties) = preSolution
		HideSolutionNode = FALSE
	EndGlobalSection
	GlobalSection(ExtensibilityGlobals) = postSolution
		SolutionGuid = {10210153-989A-4303-9753-9BCBEE680176}
	EndGlobalSection
EndGlobal
